
Microsoft Visual Studio Solution File, Format Version 12.00
# Visual Studio Version 17
VisualStudioVersion = 17.0.31903.59
MinimumVisualStudioVersion = 10.0.40219.1
Project("{2150E333-8FDC-42A3-9474-1A3956D46DE8}") = "Api", "Api", "{02EA681E-C7D8-13C7-8484-4AC65E1B71E8}"
EndProject
Project("{2150E333-8FDC-42A3-9474-1A3956D46DE8}") = "Worker", "Worker", "{B27B832E-ADAC-4ACD-9D22-C49926966D5C}"
EndProject
Project("{2150E333-8FDC-42A3-9474-1A3956D46DE8}") = "Shared", "Shared", "{B99884B1-B869-4EBC-89E1-32DD9038DA74}"
EndProject
Project("{2150E333-8FDC-42A3-9474-1A3956D46DE8}") = "Compose", "Compose", "{84AC7C1B-EF7C-45EB-89C7-E091B1BCC69D}"
EndProject
Project("{E53339B2-1760-4266-BCC7-CA923CBCF16C}") = "docker-compose", "..\docker-compose.dcproj", "{BC50B79B-A9B7-48BC-99CB-938E72ACBB10}"
EndProject
Project("{FAE04EC0-301F-11D3-BF4B-00C04F79EFBC}") = "KubeFood.Delivery.Worker", "Delivery.Worker\KubeFood.Delivery.Worker.csproj", "{1421FD20-904E-366C-18AA-180A378ADC6A}"
EndProject
Project("{FAE04EC0-301F-11D3-BF4B-00C04F79EFBC}") = "KubeFood.Core", "Core\KubeFood.Core.csproj", "{0EF5EB05-056A-A063-C113-6FD677DE7D26}"
EndProject
Project("{FAE04EC0-301F-11D3-BF4B-00C04F79EFBC}") = "KubeFood.Order.API", "Order.API\KubeFood.Order.API.csproj", "{6FFF9E6E-5FA3-2502-E38C-3919A789EB17}"
EndProject
Project("{FAE04EC0-301F-11D3-BF4B-00C04F79EFBC}") = "KubeFood.Auth.API", "Auth.API\KubeFood.Auth.API.csproj", "{5192E2F4-7F4A-28AD-E314-DC44C0B0B164}"
EndProject
Project("{FAE04EC0-301F-11D3-BF4B-00C04F79EFBC}") = "KubeFood.Catalog.API", "Catalog.API\KubeFood.Catalog.API.csproj", "{13AC4A44-3644-9D5D-9976-A7EDD45151D4}"
EndProject
Project("{FAE04EC0-301F-11D3-BF4B-00C04F79EFBC}") = "KubeFood.Inventory.API", "Inventory.API\KubeFood.Inventory.API.csproj", "{1B76B5B5-CF95-4EB5-C10A-9D5D33CF97ED}"
EndProject
Global
	GlobalSection(SolutionConfigurationPlatforms) = preSolution
		Debug|Any CPU = Debug|Any CPU
		Debug|x64 = Debug|x64
		Debug|x86 = Debug|x86
		Release|Any CPU = Release|Any CPU
		Release|x64 = Release|x64
		Release|x86 = Release|x86
	EndGlobalSection
	GlobalSection(ProjectConfigurationPlatforms) = postSolution
		{BC50B79B-A9B7-48BC-99CB-938E72ACBB10}.Debug|Any CPU.ActiveCfg = Debug|Any CPU
		{BC50B79B-A9B7-48BC-99CB-938E72ACBB10}.Debug|Any CPU.Build.0 = Debug|Any CPU
		{BC50B79B-A9B7-48BC-99CB-938E72ACBB10}.Debug|x64.ActiveCfg = Debug|Any CPU
		{BC50B79B-A9B7-48BC-99CB-938E72ACBB10}.Debug|x64.Build.0 = Debug|Any CPU
		{BC50B79B-A9B7-48BC-99CB-938E72ACBB10}.Debug|x86.ActiveCfg = Debug|Any CPU
		{BC50B79B-A9B7-48BC-99CB-938E72ACBB10}.Debug|x86.Build.0 = Debug|Any CPU
		{BC50B79B-A9B7-48BC-99CB-938E72ACBB10}.Release|Any CPU.ActiveCfg = Release|Any CPU
		{BC50B79B-A9B7-48BC-99CB-938E72ACBB10}.Release|Any CPU.Build.0 = Release|Any CPU
		{BC50B79B-A9B7-48BC-99CB-938E72ACBB10}.Release|x64.ActiveCfg = Release|Any CPU
		{BC50B79B-A9B7-48BC-99CB-938E72ACBB10}.Release|x64.Build.0 = Release|Any CPU
		{BC50B79B-A9B7-48BC-99CB-938E72ACBB10}.Release|x86.ActiveCfg = Release|Any CPU
		{BC50B79B-A9B7-48BC-99CB-938E72ACBB10}.Release|x86.Build.0 = Release|Any CPU
		{1421FD20-904E-366C-18AA-180A378ADC6A}.Debug|Any CPU.ActiveCfg = Debug|Any CPU
		{1421FD20-904E-366C-18AA-180A378ADC6A}.Debug|Any CPU.Build.0 = Debug|Any CPU
		{1421FD20-904E-366C-18AA-180A378ADC6A}.Debug|x64.ActiveCfg = Debug|Any CPU
		{1421FD20-904E-366C-18AA-180A378ADC6A}.Debug|x64.Build.0 = Debug|Any CPU
		{1421FD20-904E-366C-18AA-180A378ADC6A}.Debug|x86.ActiveCfg = Debug|Any CPU
		{1421FD20-904E-366C-18AA-180A378ADC6A}.Debug|x86.Build.0 = Debug|Any CPU
		{1421FD20-904E-366C-18AA-180A378ADC6A}.Release|Any CPU.ActiveCfg = Release|Any CPU
		{1421FD20-904E-366C-18AA-180A378ADC6A}.Release|Any CPU.Build.0 = Release|Any CPU
		{1421FD20-904E-366C-18AA-180A378ADC6A}.Release|x64.ActiveCfg = Release|Any CPU
		{1421FD20-904E-366C-18AA-180A378ADC6A}.Release|x64.Build.0 = Release|Any CPU
		{1421FD20-904E-366C-18AA-180A378ADC6A}.Release|x86.ActiveCfg = Release|Any CPU
		{1421FD20-904E-366C-18AA-180A378ADC6A}.Release|x86.Build.0 = Release|Any CPU
		{0EF5EB05-056A-A063-C113-6FD677DE7D26}.Debug|Any CPU.ActiveCfg = Debug|Any CPU
		{0EF5EB05-056A-A063-C113-6FD677DE7D26}.Debug|Any CPU.Build.0 = Debug|Any CPU
		{0EF5EB05-056A-A063-C113-6FD677DE7D26}.Debug|x64.ActiveCfg = Debug|Any CPU
		{0EF5EB05-056A-A063-C113-6FD677DE7D26}.Debug|x64.Build.0 = Debug|Any CPU
		{0EF5EB05-056A-A063-C113-6FD677DE7D26}.Debug|x86.ActiveCfg = Debug|Any CPU
		{0EF5EB05-056A-A063-C113-6FD677DE7D26}.Debug|x86.Build.0 = Debug|Any CPU
		{0EF5EB05-056A-A063-C113-6FD677DE7D26}.Release|Any CPU.ActiveCfg = Release|Any CPU
		{0EF5EB05-056A-A063-C113-6FD677DE7D26}.Release|Any CPU.Build.0 = Release|Any CPU
		{0EF5EB05-056A-A063-C113-6FD677DE7D26}.Release|x64.ActiveCfg = Release|Any CPU
		{0EF5EB05-056A-A063-C113-6FD677DE7D26}.Release|x64.Build.0 = Release|Any CPU
		{0EF5EB05-056A-A063-C113-6FD677DE7D26}.Release|x86.ActiveCfg = Release|Any CPU
		{0EF5EB05-056A-A063-C113-6FD677DE7D26}.Release|x86.Build.0 = Release|Any CPU
		{6FFF9E6E-5FA3-2502-E38C-3919A789EB17}.Debug|Any CPU.ActiveCfg = Debug|Any CPU
		{6FFF9E6E-5FA3-2502-E38C-3919A789EB17}.Debug|Any CPU.Build.0 = Debug|Any CPU
		{6FFF9E6E-5FA3-2502-E38C-3919A789EB17}.Debug|x64.ActiveCfg = Debug|Any CPU
		{6FFF9E6E-5FA3-2502-E38C-3919A789EB17}.Debug|x64.Build.0 = Debug|Any CPU
		{6FFF9E6E-5FA3-2502-E38C-3919A789EB17}.Debug|x86.ActiveCfg = Debug|Any CPU
		{6FFF9E6E-5FA3-2502-E38C-3919A789EB17}.Debug|x86.Build.0 = Debug|Any CPU
		{6FFF9E6E-5FA3-2502-E38C-3919A789EB17}.Release|Any CPU.ActiveCfg = Release|Any CPU
		{6FFF9E6E-5FA3-2502-E38C-3919A789EB17}.Release|Any CPU.Build.0 = Release|Any CPU
		{6FFF9E6E-5FA3-2502-E38C-3919A789EB17}.Release|x64.ActiveCfg = Release|Any CPU
		{6FFF9E6E-5FA3-2502-E38C-3919A789EB17}.Release|x64.Build.0 = Release|Any CPU
		{6FFF9E6E-5FA3-2502-E38C-3919A789EB17}.Release|x86.ActiveCfg = Release|Any CPU
		{6FFF9E6E-5FA3-2502-E38C-3919A789EB17}.Release|x86.Build.0 = Release|Any CPU
		{5192E2F4-7F4A-28AD-E314-DC44C0B0B164}.Debug|Any CPU.ActiveCfg = Debug|Any CPU
		{5192E2F4-7F4A-28AD-E314-DC44C0B0B164}.Debug|Any CPU.Build.0 = Debug|Any CPU
		{5192E2F4-7F4A-28AD-E314-DC44C0B0B164}.Debug|x64.ActiveCfg = Debug|Any CPU
		{5192E2F4-7F4A-28AD-E314-DC44C0B0B164}.Debug|x64.Build.0 = Debug|Any CPU
		{5192E2F4-7F4A-28AD-E314-DC44C0B0B164}.Debug|x86.ActiveCfg = Debug|Any CPU
		{5192E2F4-7F4A-28AD-E314-DC44C0B0B164}.Debug|x86.Build.0 = Debug|Any CPU
		{5192E2F4-7F4A-28AD-E314-DC44C0B0B164}.Release|Any CPU.ActiveCfg = Release|Any CPU
		{5192E2F4-7F4A-28AD-E314-DC44C0B0B164}.Release|Any CPU.Build.0 = Release|Any CPU
		{5192E2F4-7F4A-28AD-E314-DC44C0B0B164}.Release|x64.ActiveCfg = Release|Any CPU
		{5192E2F4-7F4A-28AD-E314-DC44C0B0B164}.Release|x64.Build.0 = Release|Any CPU
		{5192E2F4-7F4A-28AD-E314-DC44C0B0B164}.Release|x86.ActiveCfg = Release|Any CPU
		{5192E2F4-7F4A-28AD-E314-DC44C0B0B164}.Release|x86.Build.0 = Release|Any CPU
		{13AC4A44-3644-9D5D-9976-A7EDD45151D4}.Debug|Any CPU.ActiveCfg = Debug|Any CPU
		{13AC4A44-3644-9D5D-9976-A7EDD45151D4}.Debug|Any CPU.Build.0 = Debug|Any CPU
		{13AC4A44-3644-9D5D-9976-A7EDD45151D4}.Debug|x64.ActiveCfg = Debug|Any CPU
		{13AC4A44-3644-9D5D-9976-A7EDD45151D4}.Debug|x64.Build.0 = Debug|Any CPU
		{13AC4A44-3644-9D5D-9976-A7EDD45151D4}.Debug|x86.ActiveCfg = Debug|Any CPU
		{13AC4A44-3644-9D5D-9976-A7EDD45151D4}.Debug|x86.Build.0 = Debug|Any CPU
		{13AC4A44-3644-9D5D-9976-A7EDD45151D4}.Release|Any CPU.ActiveCfg = Release|Any CPU
		{13AC4A44-3644-9D5D-9976-A7EDD45151D4}.Release|Any CPU.Build.0 = Release|Any CPU
		{13AC4A44-3644-9D5D-9976-A7EDD45151D4}.Release|x64.ActiveCfg = Release|Any CPU
		{13AC4A44-3644-9D5D-9976-A7EDD45151D4}.Release|x64.Build.0 = Release|Any CPU
		{13AC4A44-3644-9D5D-9976-A7EDD45151D4}.Release|x86.ActiveCfg = Release|Any CPU
		{13AC4A44-3644-9D5D-9976-A7EDD45151D4}.Release|x86.Build.0 = Release|Any CPU
		{1B76B5B5-CF95-4EB5-C10A-9D5D33CF97ED}.Debug|Any CPU.ActiveCfg = Debug|Any CPU
		{1B76B5B5-CF95-4EB5-C10A-9D5D33CF97ED}.Debug|Any CPU.Build.0 = Debug|Any CPU
		{1B76B5B5-CF95-4EB5-C10A-9D5D33CF97ED}.Debug|x64.ActiveCfg = Debug|Any CPU
		{1B76B5B5-CF95-4EB5-C10A-9D5D33CF97ED}.Debug|x64.Build.0 = Debug|Any CPU
		{1B76B5B5-CF95-4EB5-C10A-9D5D33CF97ED}.Debug|x86.ActiveCfg = Debug|Any CPU
		{1B76B5B5-CF95-4EB5-C10A-9D5D33CF97ED}.Debug|x86.Build.0 = Debug|Any CPU
		{1B76B5B5-CF95-4EB5-C10A-9D5D33CF97ED}.Release|Any CPU.ActiveCfg = Release|Any CPU
		{1B76B5B5-CF95-4EB5-C10A-9D5D33CF97ED}.Release|Any CPU.Build.0 = Release|Any CPU
		{1B76B5B5-CF95-4EB5-C10A-9D5D33CF97ED}.Release|x64.ActiveCfg = Release|Any CPU
		{1B76B5B5-CF95-4EB5-C10A-9D5D33CF97ED}.Release|x64.Build.0 = Release|Any CPU
		{1B76B5B5-CF95-4EB5-C10A-9D5D33CF97ED}.Release|x86.ActiveCfg = Release|Any CPU
		{1B76B5B5-CF95-4EB5-C10A-9D5D33CF97ED}.Release|x86.Build.0 = Release|Any CPU
	EndGlobalSection
	GlobalSection(SolutionProperties) = preSolution
		HideSolutionNode = FALSE
	EndGlobalSection
	GlobalSection(NestedProjects) = preSolution
		{BC50B79B-A9B7-48BC-99CB-938E72ACBB10} = {84AC7C1B-EF7C-45EB-89C7-E091B1BCC69D}
		{1421FD20-904E-366C-18AA-180A378ADC6A} = {B27B832E-ADAC-4ACD-9D22-C49926966D5C}
		{0EF5EB05-056A-A063-C113-6FD677DE7D26} = {B99884B1-B869-4EBC-89E1-32DD9038DA74}
		{6FFF9E6E-5FA3-2502-E38C-3919A789EB17} = {02EA681E-C7D8-13C7-8484-4AC65E1B71E8}
		{5192E2F4-7F4A-28AD-E314-DC44C0B0B164} = {02EA681E-C7D8-13C7-8484-4AC65E1B71E8}
		{13AC4A44-3644-9D5D-9976-A7EDD45151D4} = {02EA681E-C7D8-13C7-8484-4AC65E1B71E8}
		{1B76B5B5-CF95-4EB5-C10A-9D5D33CF97ED} = {02EA681E-C7D8-13C7-8484-4AC65E1B71E8}
	EndGlobalSection
	GlobalSection(ExtensibilityGlobals) = postSolution
		SolutionGuid = {5C05CD11-F578-42BE-93D5-1BFDB7D97808}
	EndGlobalSection
EndGlobal
