
Microsoft Visual Studio Solution File, Format Version 12.00
# Visual Studio Version 17
VisualStudioVersion = 17.0.31903.59
MinimumVisualStudioVersion = 10.0.40219.1
Project("{FAE04EC0-301F-11D3-BF4B-00C04F79EFBC}") = "Catalog.API", "src\Catalog.API\Catalog.API.csproj", "{682C0D14-29D7-453C-8FC1-548116FFEB34}"
EndProject
Project("{FAE04EC0-301F-11D3-BF4B-00C04F79EFBC}") = "Core", "src\Core\Core.csproj", "{55742FAD-DDAE-4369-AC19-D2E5D59F7201}"
EndProject
Project("{FAE04EC0-301F-11D3-BF4B-00C04F79EFBC}") = "Delivery.Worker", "src\Delivery.Worker\Delivery.Worker.csproj", "{65655B2B-FE1D-4DD3-9D78-2215426A4841}"
EndProject
Project("{FAE04EC0-301F-11D3-BF4B-00C04F79EFBC}") = "Auth.API", "src\Auth.API\Auth.API.csproj", "{3AA9AEF9-7D2B-4283-BD72-0354EE3A42CC}"
EndProject
Project("{2150E333-8FDC-42A3-9474-1A3956D46DE8}") = "Api", "Api", "{02EA681E-C7D8-13C7-8484-4AC65E1B71E8}"
EndProject
Project("{2150E333-8FDC-42A3-9474-1A3956D46DE8}") = "Worker", "Worker", "{B27B832E-ADAC-4ACD-9D22-C49926966D5C}"
EndProject
Project("{2150E333-8FDC-42A3-9474-1A3956D46DE8}") = "Shared", "Shared", "{B99884B1-B869-4EBC-89E1-32DD9038DA74}"
EndProject
Project("{2150E333-8FDC-42A3-9474-1A3956D46DE8}") = "Compose", "Compose", "{84AC7C1B-EF7C-45EB-89C7-E091B1BCC69D}"
EndProject
Project("{E53339B2-1760-4266-BCC7-CA923CBCF16C}") = "docker-compose", "docker-compose.dcproj", "{BC50B79B-A9B7-48BC-99CB-938E72ACBB10}"
EndProject
Project("{FAE04EC0-301F-11D3-BF4B-00C04F79EFBC}") = "Order.API", "src\Order.API\Order.API.csproj", "{A674D8B7-6624-7E11-33E2-3E2487E57717}"
EndProject
Project("{FAE04EC0-301F-11D3-BF4B-00C04F79EFBC}") = "Inventory.API", "src\Inventory.API\Inventory.API.csproj", "{2E785CC3-85E3-925F-1A0A-C08ACD599AA9}"
EndProject
Global
	GlobalSection(SolutionConfigurationPlatforms) = preSolution
		Debug|Any CPU = Debug|Any CPU
		Debug|x64 = Debug|x64
		Debug|x86 = Debug|x86
		Release|Any CPU = Release|Any CPU
		Release|x64 = Release|x64
		Release|x86 = Release|x86
	EndGlobalSection
	GlobalSection(ProjectConfigurationPlatforms) = postSolution
		{682C0D14-29D7-453C-8FC1-548116FFEB34}.Debug|Any CPU.ActiveCfg = Debug|Any CPU
		{682C0D14-29D7-453C-8FC1-548116FFEB34}.Debug|Any CPU.Build.0 = Debug|Any CPU
		{682C0D14-29D7-453C-8FC1-548116FFEB34}.Debug|x64.ActiveCfg = Debug|Any CPU
		{682C0D14-29D7-453C-8FC1-548116FFEB34}.Debug|x64.Build.0 = Debug|Any CPU
		{682C0D14-29D7-453C-8FC1-548116FFEB34}.Debug|x86.ActiveCfg = Debug|Any CPU
		{682C0D14-29D7-453C-8FC1-548116FFEB34}.Debug|x86.Build.0 = Debug|Any CPU
		{682C0D14-29D7-453C-8FC1-548116FFEB34}.Release|Any CPU.ActiveCfg = Release|Any CPU
		{682C0D14-29D7-453C-8FC1-548116FFEB34}.Release|Any CPU.Build.0 = Release|Any CPU
		{682C0D14-29D7-453C-8FC1-548116FFEB34}.Release|x64.ActiveCfg = Release|Any CPU
		{682C0D14-29D7-453C-8FC1-548116FFEB34}.Release|x64.Build.0 = Release|Any CPU
		{682C0D14-29D7-453C-8FC1-548116FFEB34}.Release|x86.ActiveCfg = Release|Any CPU
		{682C0D14-29D7-453C-8FC1-548116FFEB34}.Release|x86.Build.0 = Release|Any CPU
		{55742FAD-DDAE-4369-AC19-D2E5D59F7201}.Debug|Any CPU.ActiveCfg = Debug|Any CPU
		{55742FAD-DDAE-4369-AC19-D2E5D59F7201}.Debug|Any CPU.Build.0 = Debug|Any CPU
		{55742FAD-DDAE-4369-AC19-D2E5D59F7201}.Debug|x64.ActiveCfg = Debug|Any CPU
		{55742FAD-DDAE-4369-AC19-D2E5D59F7201}.Debug|x64.Build.0 = Debug|Any CPU
		{55742FAD-DDAE-4369-AC19-D2E5D59F7201}.Debug|x86.ActiveCfg = Debug|Any CPU
		{55742FAD-DDAE-4369-AC19-D2E5D59F7201}.Debug|x86.Build.0 = Debug|Any CPU
		{55742FAD-DDAE-4369-AC19-D2E5D59F7201}.Release|Any CPU.ActiveCfg = Release|Any CPU
		{55742FAD-DDAE-4369-AC19-D2E5D59F7201}.Release|Any CPU.Build.0 = Release|Any CPU
		{55742FAD-DDAE-4369-AC19-D2E5D59F7201}.Release|x64.ActiveCfg = Release|Any CPU
		{55742FAD-DDAE-4369-AC19-D2E5D59F7201}.Release|x64.Build.0 = Release|Any CPU
		{55742FAD-DDAE-4369-AC19-D2E5D59F7201}.Release|x86.ActiveCfg = Release|Any CPU
		{55742FAD-DDAE-4369-AC19-D2E5D59F7201}.Release|x86.Build.0 = Release|Any CPU
		{65655B2B-FE1D-4DD3-9D78-2215426A4841}.Debug|Any CPU.ActiveCfg = Debug|Any CPU
		{65655B2B-FE1D-4DD3-9D78-2215426A4841}.Debug|Any CPU.Build.0 = Debug|Any CPU
		{65655B2B-FE1D-4DD3-9D78-2215426A4841}.Debug|x64.ActiveCfg = Debug|Any CPU
		{65655B2B-FE1D-4DD3-9D78-2215426A4841}.Debug|x64.Build.0 = Debug|Any CPU
		{65655B2B-FE1D-4DD3-9D78-2215426A4841}.Debug|x86.ActiveCfg = Debug|Any CPU
		{65655B2B-FE1D-4DD3-9D78-2215426A4841}.Debug|x86.Build.0 = Debug|Any CPU
		{65655B2B-FE1D-4DD3-9D78-2215426A4841}.Release|Any CPU.ActiveCfg = Release|Any CPU
		{65655B2B-FE1D-4DD3-9D78-2215426A4841}.Release|Any CPU.Build.0 = Release|Any CPU
		{65655B2B-FE1D-4DD3-9D78-2215426A4841}.Release|x64.ActiveCfg = Release|Any CPU
		{65655B2B-FE1D-4DD3-9D78-2215426A4841}.Release|x64.Build.0 = Release|Any CPU
		{65655B2B-FE1D-4DD3-9D78-2215426A4841}.Release|x86.ActiveCfg = Release|Any CPU
		{65655B2B-FE1D-4DD3-9D78-2215426A4841}.Release|x86.Build.0 = Release|Any CPU
		{3AA9AEF9-7D2B-4283-BD72-0354EE3A42CC}.Debug|Any CPU.ActiveCfg = Debug|Any CPU
		{3AA9AEF9-7D2B-4283-BD72-0354EE3A42CC}.Debug|Any CPU.Build.0 = Debug|Any CPU
		{3AA9AEF9-7D2B-4283-BD72-0354EE3A42CC}.Debug|x64.ActiveCfg = Debug|Any CPU
		{3AA9AEF9-7D2B-4283-BD72-0354EE3A42CC}.Debug|x64.Build.0 = Debug|Any CPU
		{3AA9AEF9-7D2B-4283-BD72-0354EE3A42CC}.Debug|x86.ActiveCfg = Debug|Any CPU
		{3AA9AEF9-7D2B-4283-BD72-0354EE3A42CC}.Debug|x86.Build.0 = Debug|Any CPU
		{3AA9AEF9-7D2B-4283-BD72-0354EE3A42CC}.Release|Any CPU.ActiveCfg = Release|Any CPU
		{3AA9AEF9-7D2B-4283-BD72-0354EE3A42CC}.Release|Any CPU.Build.0 = Release|Any CPU
		{3AA9AEF9-7D2B-4283-BD72-0354EE3A42CC}.Release|x64.ActiveCfg = Release|Any CPU
		{3AA9AEF9-7D2B-4283-BD72-0354EE3A42CC}.Release|x64.Build.0 = Release|Any CPU
		{3AA9AEF9-7D2B-4283-BD72-0354EE3A42CC}.Release|x86.ActiveCfg = Release|Any CPU
		{3AA9AEF9-7D2B-4283-BD72-0354EE3A42CC}.Release|x86.Build.0 = Release|Any CPU
		{BC50B79B-A9B7-48BC-99CB-938E72ACBB10}.Debug|Any CPU.ActiveCfg = Debug|Any CPU
		{BC50B79B-A9B7-48BC-99CB-938E72ACBB10}.Debug|Any CPU.Build.0 = Debug|Any CPU
		{BC50B79B-A9B7-48BC-99CB-938E72ACBB10}.Debug|x64.ActiveCfg = Debug|Any CPU
		{BC50B79B-A9B7-48BC-99CB-938E72ACBB10}.Debug|x64.Build.0 = Debug|Any CPU
		{BC50B79B-A9B7-48BC-99CB-938E72ACBB10}.Debug|x86.ActiveCfg = Debug|Any CPU
		{BC50B79B-A9B7-48BC-99CB-938E72ACBB10}.Debug|x86.Build.0 = Debug|Any CPU
		{BC50B79B-A9B7-48BC-99CB-938E72ACBB10}.Release|Any CPU.ActiveCfg = Release|Any CPU
		{BC50B79B-A9B7-48BC-99CB-938E72ACBB10}.Release|Any CPU.Build.0 = Release|Any CPU
		{BC50B79B-A9B7-48BC-99CB-938E72ACBB10}.Release|x64.ActiveCfg = Release|Any CPU
		{BC50B79B-A9B7-48BC-99CB-938E72ACBB10}.Release|x64.Build.0 = Release|Any CPU
		{BC50B79B-A9B7-48BC-99CB-938E72ACBB10}.Release|x86.ActiveCfg = Release|Any CPU
		{BC50B79B-A9B7-48BC-99CB-938E72ACBB10}.Release|x86.Build.0 = Release|Any CPU
		{A674D8B7-6624-7E11-33E2-3E2487E57717}.Debug|Any CPU.ActiveCfg = Debug|Any CPU
		{A674D8B7-6624-7E11-33E2-3E2487E57717}.Debug|Any CPU.Build.0 = Debug|Any CPU
		{A674D8B7-6624-7E11-33E2-3E2487E57717}.Debug|x64.ActiveCfg = Debug|Any CPU
		{A674D8B7-6624-7E11-33E2-3E2487E57717}.Debug|x64.Build.0 = Debug|Any CPU
		{A674D8B7-6624-7E11-33E2-3E2487E57717}.Debug|x86.ActiveCfg = Debug|Any CPU
		{A674D8B7-6624-7E11-33E2-3E2487E57717}.Debug|x86.Build.0 = Debug|Any CPU
		{A674D8B7-6624-7E11-33E2-3E2487E57717}.Release|Any CPU.ActiveCfg = Release|Any CPU
		{A674D8B7-6624-7E11-33E2-3E2487E57717}.Release|Any CPU.Build.0 = Release|Any CPU
		{A674D8B7-6624-7E11-33E2-3E2487E57717}.Release|x64.ActiveCfg = Release|Any CPU
		{A674D8B7-6624-7E11-33E2-3E2487E57717}.Release|x64.Build.0 = Release|Any CPU
		{A674D8B7-6624-7E11-33E2-3E2487E57717}.Release|x86.ActiveCfg = Release|Any CPU
		{A674D8B7-6624-7E11-33E2-3E2487E57717}.Release|x86.Build.0 = Release|Any CPU
		{2E785CC3-85E3-925F-1A0A-C08ACD599AA9}.Debug|Any CPU.ActiveCfg = Debug|Any CPU
		{2E785CC3-85E3-925F-1A0A-C08ACD599AA9}.Debug|Any CPU.Build.0 = Debug|Any CPU
		{2E785CC3-85E3-925F-1A0A-C08ACD599AA9}.Debug|x64.ActiveCfg = Debug|Any CPU
		{2E785CC3-85E3-925F-1A0A-C08ACD599AA9}.Debug|x64.Build.0 = Debug|Any CPU
		{2E785CC3-85E3-925F-1A0A-C08ACD599AA9}.Debug|x86.ActiveCfg = Debug|Any CPU
		{2E785CC3-85E3-925F-1A0A-C08ACD599AA9}.Debug|x86.Build.0 = Debug|Any CPU
		{2E785CC3-85E3-925F-1A0A-C08ACD599AA9}.Release|Any CPU.ActiveCfg = Release|Any CPU
		{2E785CC3-85E3-925F-1A0A-C08ACD599AA9}.Release|Any CPU.Build.0 = Release|Any CPU
		{2E785CC3-85E3-925F-1A0A-C08ACD599AA9}.Release|x64.ActiveCfg = Release|Any CPU
		{2E785CC3-85E3-925F-1A0A-C08ACD599AA9}.Release|x64.Build.0 = Release|Any CPU
		{2E785CC3-85E3-925F-1A0A-C08ACD599AA9}.Release|x86.ActiveCfg = Release|Any CPU
		{2E785CC3-85E3-925F-1A0A-C08ACD599AA9}.Release|x86.Build.0 = Release|Any CPU
	EndGlobalSection
	GlobalSection(SolutionProperties) = preSolution
		HideSolutionNode = FALSE
	EndGlobalSection
	GlobalSection(NestedProjects) = preSolution
		{682C0D14-29D7-453C-8FC1-548116FFEB34} = {02EA681E-C7D8-13C7-8484-4AC65E1B71E8}
		{55742FAD-DDAE-4369-AC19-D2E5D59F7201} = {B99884B1-B869-4EBC-89E1-32DD9038DA74}
		{65655B2B-FE1D-4DD3-9D78-2215426A4841} = {B27B832E-ADAC-4ACD-9D22-C49926966D5C}
		{3AA9AEF9-7D2B-4283-BD72-0354EE3A42CC} = {02EA681E-C7D8-13C7-8484-4AC65E1B71E8}
		{BC50B79B-A9B7-48BC-99CB-938E72ACBB10} = {84AC7C1B-EF7C-45EB-89C7-E091B1BCC69D}
		{A674D8B7-6624-7E11-33E2-3E2487E57717} = {02EA681E-C7D8-13C7-8484-4AC65E1B71E8}
		{2E785CC3-85E3-925F-1A0A-C08ACD599AA9} = {02EA681E-C7D8-13C7-8484-4AC65E1B71E8}
	EndGlobalSection
	GlobalSection(ExtensibilityGlobals) = postSolution
		SolutionGuid = {5C05CD11-F578-42BE-93D5-1BFDB7D97808}
	EndGlobalSection
EndGlobal
